
Microsoft Visual Studio Solution File, Format Version 12.00
# Visual Studio Version 17
VisualStudioVersion = 17.14.36221.1
MinimumVisualStudioVersion = 10.0.40219.1
Project("{FAE04EC0-301F-11D3-BF4B-00C04F79EFBC}") = "XIVUniPF", "XIVUniPF\XIVUniPF.csproj", "{AAEAB590-F0EA-4B86-A38C-49228CCEE217}"
	ProjectSection(ProjectDependencies) = postProject
		{8D9267C6-5C14-4CC9-B09F-1A39FDB724EE} = {8D9267C6-5C14-4CC9-B09F-1A39FDB724EE}
	EndProjectSection
EndProject
Project("{FAE04EC0-301F-11D3-BF4B-00C04F79EFBC}") = "XIVUniPF-Core", "XIVUniPF-Core\XIVUniPF-Core.csproj", "{8D9267C6-5C14-4CC9-B09F-1A39FDB724EE}"
EndProject
Global
	GlobalSection(SolutionConfigurationPlatforms) = preSolution
		Debug|x64 = Debug|x64
		Release|x64 = Release|x64
	EndGlobalSection
	GlobalSection(ProjectConfigurationPlatforms) = postSolution
		{AAEAB590-F0EA-4B86-A38C-49228CCEE217}.Debug|x64.ActiveCfg = Debug|x64
		{AAEAB590-F0EA-4B86-A38C-49228CCEE217}.Debug|x64.Build.0 = Debug|x64
		{AAEAB590-F0EA-4B86-A38C-49228CCEE217}.Release|x64.ActiveCfg = Release|x64
		{AAEAB590-F0EA-4B86-A38C-49228CCEE217}.Release|x64.Build.0 = Release|x64
		{8D9267C6-5C14-4CC9-B09F-1A39FDB724EE}.Debug|x64.ActiveCfg = Debug|x64
		{8D9267C6-5C14-4CC9-B09F-1A39FDB724EE}.Debug|x64.Build.0 = Debug|x64
		{8D9267C6-5C14-4CC9-B09F-1A39FDB724EE}.Release|x64.ActiveCfg = Release|x64
		{8D9267C6-5C14-4CC9-B09F-1A39FDB724EE}.Release|x64.Build.0 = Release|x64
	EndGlobalSection
	GlobalSection(SolutionProperties) = preSolution
		HideSolutionNode = FALSE
	EndGlobalSection
	GlobalSection(ExtensibilityGlobals) = postSolution
		SolutionGuid = {BDD5D1AC-DA60-49D6-8B6A-172F4B4BAF0C}
	EndGlobalSection
EndGlobal
